
Microsoft Visual Studio Solution File, Format Version 12.00
# Visual Studio Version 17
VisualStudioVersion = 17.1.32210.238
MinimumVisualStudioVersion = 10.0.40219.1
Project("{2150E333-8FDC-42A3-9474-1A3956D46DE8}") = "ApiGateways", "ApiGateways", "{971CCF6B-3106-45C4-A456-B4BB02B07ECB}"
EndProject
Project("{2150E333-8FDC-42A3-9474-1A3956D46DE8}") = "BuildingBlocks", "BuildingBlocks", "{E6BF53E9-5BDC-4C8A-9388-A2F242369BC8}"
EndProject
Project("{2150E333-8FDC-42A3-9474-1A3956D46DE8}") = "Services", "Services", "{4B3677F4-5BE6-498F-A14A-5E313D10ED79}"
EndProject
Project("{2150E333-8FDC-42A3-9474-1A3956D46DE8}") = "EventBus", "EventBus", "{EB8D46D6-6898-4928-AB94-B861CF8C3104}"
EndProject
Project("{9A19103F-16F7-4668-BE54-9A1E7A4F7556}") = "EventBusCommon", "BuildingBlocks\EventBus\EventBusCommon\EventBusCommon.csproj", "{3FF97E5B-08EC-42D0-B947-A74BC04BEA01}"
EndProject
Project("{9A19103F-16F7-4668-BE54-9A1E7A4F7556}") = "EventBusServiceBus", "BuildingBlocks\EventBus\EventBusServiceBus\EventBusServiceBus.csproj", "{AE375F24-7B88-407D-AD26-60828B1A1A38}"
EndProject
Project("{2150E333-8FDC-42A3-9474-1A3956D46DE8}") = "Extensions", "Extensions", "{00A54387-ECCB-4AEA-AFFA-EA0C6B38688E}"
EndProject
Project("{2150E333-8FDC-42A3-9474-1A3956D46DE8}") = "SeedWork", "SeedWork", "{43B5B326-8EFC-456F-948D-C75DB9A7DE04}"
EndProject
Project("{9A19103F-16F7-4668-BE54-9A1E7A4F7556}") = "TypeExtensions", "BuildingBlocks\Extensions\TypeExtensions\TypeExtensions.csproj", "{5579DBF2-29B9-42DE-8D18-5D43FD17FCF3}"
EndProject
Project("{9A19103F-16F7-4668-BE54-9A1E7A4F7556}") = "DomainSeedWork", "BuildingBlocks\SeedWork\DomainSeedWork\DomainSeedWork.csproj", "{D2A4C9A7-21BE-472A-BB66-64F0DAE67904}"
EndProject
Project("{2150E333-8FDC-42A3-9474-1A3956D46DE8}") = "Innermost.LogLife", "Innermost.LogLife", "{BCE94210-21B9-4255-A851-CD0F114475BA}"
EndProject
Project("{2150E333-8FDC-42A3-9474-1A3956D46DE8}") = "Innermost.Push", "Innermost.Push", "{DAEA6CC6-05C8-4330-95E4-82D3CE13DFB6}"
EndProject
Project("{2150E333-8FDC-42A3-9474-1A3956D46DE8}") = "Innermost.Identity", "Innermost.Identity", "{52083193-E083-4925-BCB1-CE4C3C221C14}"
EndProject
Project("{2150E333-8FDC-42A3-9474-1A3956D46DE8}") = "Innermost.Meet", "Innermost.Meet", "{00C9B879-F585-45E9-BC3B-114EDAB4AED2}"
EndProject
Project("{2150E333-8FDC-42A3-9474-1A3956D46DE8}") = "Innermost.MusicHub", "Innermost.MusicHub", "{53AC5019-18BD-4C5A-B5F6-11E60B7304C3}"
EndProject
Project("{9A19103F-16F7-4668-BE54-9A1E7A4F7556}") = "Innermost.Identity.API", "Services\Innermost.Identity\Innermost.Identity.API\Innermost.Identity.API.csproj", "{41435F38-1843-4B21-812B-511FA89E81AC}"
EndProject
Project("{9A19103F-16F7-4668-BE54-9A1E7A4F7556}") = "Innermost.LogLife.API", "Services\Innermost.LogLife\Innermost.LogLife.API\Innermost.LogLife.API.csproj", "{B1AC1D24-5E78-4A84-9C5C-3D7FECDAF627}"
EndProject
Project("{9A19103F-16F7-4668-BE54-9A1E7A4F7556}") = "Innermost.LogLife.Domain", "Services\Innermost.LogLife\Innermost.LogLife.Domain\Innermost.LogLife.Domain.csproj", "{7BA807FD-C8BD-4B8C-B6A0-5545B86E6F2E}"
EndProject
Project("{9A19103F-16F7-4668-BE54-9A1E7A4F7556}") = "Innermost.LogLife.Infrastructure", "Services\Innermost.LogLife\Innermost.LogLife.Infrastructure\Innermost.LogLife.Infrastructure.csproj", "{DC380208-351D-4D46-8F8D-C1DEB418EE4C}"
EndProject
Project("{9A19103F-16F7-4668-BE54-9A1E7A4F7556}") = "MediatRExtensions", "BuildingBlocks\Extensions\MediatRExtensions\MediatRExtensions.csproj", "{784ED653-9FF4-4066-92EE-0064994331BE}"
EndProject
Project("{9A19103F-16F7-4668-BE54-9A1E7A4F7556}") = "Innermost.MusicHub.API", "Services\Innermost.MusicHub\Innermost.MusicHub.API\Innermost.MusicHub.API.csproj", "{62363AF9-BDED-492F-BDE0-E4C1C35EF8E8}"
EndProject
Project("{9A19103F-16F7-4668-BE54-9A1E7A4F7556}") = "Innermost.Meet.API", "Services\Innermost.Meet\Innermost.Meet.API\Innermost.Meet.API.csproj", "{3BA589EC-9C64-4B09-8098-2BE3C1E668D5}"
EndProject
Project("{9A19103F-16F7-4668-BE54-9A1E7A4F7556}") = "Innermost.Meet.SignalRHub", "Services\Innermost.Meet\Innermost.Meet.SignalRHub\Innermost.Meet.SignalRHub.csproj", "{A9510987-E517-4787-AE6D-12EEF27AADCE}"
EndProject
Project("{2150E333-8FDC-42A3-9474-1A3956D46DE8}") = "Innermost.TagServer", "Innermost.TagServer", "{5287AB16-0117-4FE4-B516-14557F1BEC2A}"
EndProject
Project("{9A19103F-16F7-4668-BE54-9A1E7A4F7556}") = "Innermost.TagServer.API", "Services\Innermost.TagServer\Innermost.TagServer.API\Innermost.TagServer.API.csproj", "{F5FB65CF-FE5E-4B60-BB26-FD4613EDC0C1}"
EndProject
Project("{2150E333-8FDC-42A3-9474-1A3956D46DE8}") = "Innermost.Intelligence", "Innermost.Intelligence", "{6274496F-9B2B-4E50-9720-D8C28710F165}"
EndProject
Project("{9A19103F-16F7-4668-BE54-9A1E7A4F7556}") = "Innermost.Intelligence.API", "Services\Innermost.Intelligence\Innermost.Intelligence.API\Innermost.Intelligence.API.csproj", "{9AF7D711-DC68-40D2-83BE-EDB4D4692F6E}"
EndProject
Project("{2150E333-8FDC-42A3-9474-1A3956D46DE8}") = "Innermost.FileServer", "Innermost.FileServer", "{4D490A87-36D8-4CE2-BC82-3BBFA386BC71}"
EndProject
Project("{9A19103F-16F7-4668-BE54-9A1E7A4F7556}") = "Innermost.FileServer.API", "Services\Innermost.FileServer\Innermost.FileServer.API\Innermost.FileServer.API.csproj", "{D7F42CE5-CC75-49B3-A161-FD794B3455CF}"
EndProject
Project("{9A19103F-16F7-4668-BE54-9A1E7A4F7556}") = "Innermost.Push.API", "Services\Innermost.Push\Innermost.Push.API\Innermost.Push.API.csproj", "{FC35147B-2599-4503-A2A4-03C66C53BBB5}"
EndProject
Project("{9A19103F-16F7-4668-BE54-9A1E7A4F7556}") = "Innermost.TagReferrers", "Services\Innermost.TagServer\Innermost.TagReferrers\Innermost.TagReferrers.csproj", "{C4D34B70-93F1-4689-8AA6-D24F37186E6D}"
EndProject
Project("{9A19103F-16F7-4668-BE54-9A1E7A4F7556}") = "Innermost.Meet.Domain", "Services\Innermost.Meet\Innermost.Meet.Domain\Innermost.Meet.Domain.csproj", "{85FA9C42-DE1F-44B9-9BCF-27B420C6E8C4}"
EndProject
Project("{9A19103F-16F7-4668-BE54-9A1E7A4F7556}") = "Innermost.Meet.Infrastructure", "Services\Innermost.Meet\Innermost.Meet.Infrastructure\Innermost.Meet.Infrastructure.csproj", "{59A69261-D72D-44DC-8EBB-A8F1BD2DB938}"
EndProject
Project("{9A19103F-16F7-4668-BE54-9A1E7A4F7556}") = "Innermost.MusicHub.Domain", "Services\Innermost.MusicHub\Innermost.MusicHub.Domain\Innermost.MusicHub.Domain.csproj", "{58FCE40E-CF11-44CA-9AFF-028C4E6FD7FB}"
EndProject
Project("{9A19103F-16F7-4668-BE54-9A1E7A4F7556}") = "Innermost.MusicHub.Infrastructure", "Services\Innermost.MusicHub\Innermost.MusicHub.Infrastructure\Innermost.MusicHub.Infrastructure.csproj", "{6B82C97C-6E6B-48AA-B512-BD563452F585}"
EndProject
Project("{9A19103F-16F7-4668-BE54-9A1E7A4F7556}") = "Innermost.MusicHub.Crawler", "Services\Innermost.MusicHub\Innermost.MusicHub.Crawler\Innermost.MusicHub.Crawler.csproj", "{EDFE4240-802E-4F94-98B2-2C1183E7F3F7}"
EndProject
Project("{9A19103F-16F7-4668-BE54-9A1E7A4F7556}") = "ILoggerExtensions", "BuildingBlocks\Extensions\ILoggerExtensions\ILoggerExtensions.csproj", "{094F2898-403B-4B2D-952A-A38BD7CC8234}"
EndProject
Project("{9A19103F-16F7-4668-BE54-9A1E7A4F7556}") = "Innermost.Push.Templates", "Services\Innermost.Push\Innermost.Push.Templates\Innermost.Push.Templates.csproj", "{6D04C580-28EC-43B2-9EFB-6628116778E2}"
EndProject
Project("{9A19103F-16F7-4668-BE54-9A1E7A4F7556}") = "IntegrationEventRecord", "BuildingBlocks\EventBus\IntegrationEventRecord\IntegrationEventRecord.csproj", "{9499B04E-5264-42C3-BF13-42FE5ED6132A}"
EndProject
Project("{9A19103F-16F7-4668-BE54-9A1E7A4F7556}") = "IntegrationEventServiceMongoDB", "BuildingBlocks\EventBus\IntegrationEventServiceMongoDB\IntegrationEventServiceMongoDB.csproj", "{AB8F5D48-53A9-4644-9175-5B24FB59794F}"
EndProject
Project("{9A19103F-16F7-4668-BE54-9A1E7A4F7556}") = "IntegrationEventServiceSQL", "BuildingBlocks\EventBus\IntegrationEventServiceSQL\IntegrationEventServiceSQL.csproj", "{52C7E0F0-C799-4353-8E82-9D1C37844384}"
EndProject
Project("{9A19103F-16F7-4668-BE54-9A1E7A4F7556}") = "MongoDBExtensions", "BuildingBlocks\Extensions\MongoDBExtensions\MongoDBExtensions.csproj", "{A7641D54-26F5-4E9E-B71A-5581BACF8478}"
EndProject
Project("{9A19103F-16F7-4668-BE54-9A1E7A4F7556}") = "ReactApp.HttpAggregator", "ApiGateways\ReactApp.HttpAggregator\ReactApp.HttpAggregator.csproj", "{CAF24DB5-2318-436F-B663-E3625034FE93}"
EndProject
Project("{E53339B2-1760-4266-BCC7-CA923CBCF16C}") = "docker-compose", "docker-compose.dcproj", "{4130E229-ED8D-4B45-9D06-AB2D221F91F7}"
EndProject
Project("{2150E333-8FDC-42A3-9474-1A3956D46DE8}") = "Architecture", "Architecture", "{062B3222-347C-4C05-9916-950E4CE483E3}"
EndProject
Project("{9A19103F-16F7-4668-BE54-9A1E7A4F7556}") = "Innermost.Architecture.Consistency.MongoDB", "BuildingBlocks\Architecture\Innermost.Architecture.Consistency.MongoDB\Innermost.Architecture.Consistency.MongoDB.csproj", "{5061BB19-7477-4A62-A496-E6BD02DFB97E}"
EndProject
Project("{9A19103F-16F7-4668-BE54-9A1E7A4F7556}") = "Innermost.Architecture.Exceptions", "BuildingBlocks\Architecture\Innermost.Architecture.Exceptions\Innermost.Architecture.Exceptions.csproj", "{83DC3389-1C77-40F0-A38F-2E26771D79E0}"
EndProject
Project("{9A19103F-16F7-4668-BE54-9A1E7A4F7556}") = "ConfigurationExtensions", "BuildingBlocks\Extensions\ConfigurationExtensions\ConfigurationExtensions.csproj", "{3EC79AF5-F244-454B-BD11-8D947DB63526}"
EndProject
Project("{9A19103F-16F7-4668-BE54-9A1E7A4F7556}") = "EntityFrameworkExtensions", "BuildingBlocks\Extensions\EntityFrameworkExtensions\EntityFrameworkExtensions.csproj", "{21747BF4-E6C4-4993-A1C5-87EF073AF7AD}"
EndProject
Project("{9A19103F-16F7-4668-BE54-9A1E7A4F7556}") = "IHostExtensions", "BuildingBlocks\Extensions\IHostExtensions\IHostExtensions.csproj", "{B5F223E4-DA7D-4BA8-A091-53069A08AF8A}"
EndProject
Project("{9A19103F-16F7-4668-BE54-9A1E7A4F7556}") = "Innermost.EventBus.EventBusCommon.ILoggingExtensions", "BuildingBlocks\Extensions\Innermost.EventBus.EventBusCommon.ILoggingExtensions\Innermost.EventBus.EventBusCommon.ILoggingExtensions.csproj", "{69AFB15F-BE47-413E-9E39-8244ADE3686F}"
EndProject
Project("{9A19103F-16F7-4668-BE54-9A1E7A4F7556}") = "Innermost.Utilities.IdentityService.Microsoft.Extensions.DependencyInjection", "BuildingBlocks\Extensions\IdentityService.Microsoft.Extensions.DependencyInjection\Innermost.Utilities.IdentityService.Microsoft.Extensions.DependencyInjection.csproj", "{BD836CF0-C381-486B-96F6-9595AAB06DC6}"
EndProject
Project("{2150E333-8FDC-42A3-9474-1A3956D46DE8}") = "Utilities", "Utilities", "{1C34C401-1F69-40B2-8C3B-8641074C1F29}"
EndProject
Project("{9A19103F-16F7-4668-BE54-9A1E7A4F7556}") = "Innermost.Utilities.Common", "BuildingBlocks\Utilities\Innermost.Utilities.Common\Innermost.Utilities.Common.csproj", "{15844EB9-6894-4316-838A-630F3237B8F0}"
EndProject
Project("{9A19103F-16F7-4668-BE54-9A1E7A4F7556}") = "Innermost.Utilities.IdentityService", "BuildingBlocks\Utilities\Innermost.Utilities.IdentityService\Innermost.Utilities.IdentityService.csproj", "{87349EFA-D9AB-4FEA-B548-E469C7A63E29}"
EndProject
Global
	GlobalSection(SolutionConfigurationPlatforms) = preSolution
		Debug|Any CPU = Debug|Any CPU
		Release|Any CPU = Release|Any CPU
	EndGlobalSection
	GlobalSection(ProjectConfigurationPlatforms) = postSolution
		{3FF97E5B-08EC-42D0-B947-A74BC04BEA01}.Debug|Any CPU.ActiveCfg = Debug|Any CPU
		{3FF97E5B-08EC-42D0-B947-A74BC04BEA01}.Debug|Any CPU.Build.0 = Debug|Any CPU
		{3FF97E5B-08EC-42D0-B947-A74BC04BEA01}.Release|Any CPU.ActiveCfg = Release|Any CPU
		{3FF97E5B-08EC-42D0-B947-A74BC04BEA01}.Release|Any CPU.Build.0 = Release|Any CPU
		{AE375F24-7B88-407D-AD26-60828B1A1A38}.Debug|Any CPU.ActiveCfg = Debug|Any CPU
		{AE375F24-7B88-407D-AD26-60828B1A1A38}.Debug|Any CPU.Build.0 = Debug|Any CPU
		{AE375F24-7B88-407D-AD26-60828B1A1A38}.Release|Any CPU.ActiveCfg = Release|Any CPU
		{AE375F24-7B88-407D-AD26-60828B1A1A38}.Release|Any CPU.Build.0 = Release|Any CPU
		{5579DBF2-29B9-42DE-8D18-5D43FD17FCF3}.Debug|Any CPU.ActiveCfg = Debug|Any CPU
		{5579DBF2-29B9-42DE-8D18-5D43FD17FCF3}.Debug|Any CPU.Build.0 = Debug|Any CPU
		{5579DBF2-29B9-42DE-8D18-5D43FD17FCF3}.Release|Any CPU.ActiveCfg = Release|Any CPU
		{5579DBF2-29B9-42DE-8D18-5D43FD17FCF3}.Release|Any CPU.Build.0 = Release|Any CPU
		{D2A4C9A7-21BE-472A-BB66-64F0DAE67904}.Debug|Any CPU.ActiveCfg = Debug|Any CPU
		{D2A4C9A7-21BE-472A-BB66-64F0DAE67904}.Debug|Any CPU.Build.0 = Debug|Any CPU
		{D2A4C9A7-21BE-472A-BB66-64F0DAE67904}.Release|Any CPU.ActiveCfg = Release|Any CPU
		{D2A4C9A7-21BE-472A-BB66-64F0DAE67904}.Release|Any CPU.Build.0 = Release|Any CPU
		{41435F38-1843-4B21-812B-511FA89E81AC}.Debug|Any CPU.ActiveCfg = Debug|Any CPU
		{41435F38-1843-4B21-812B-511FA89E81AC}.Debug|Any CPU.Build.0 = Debug|Any CPU
		{41435F38-1843-4B21-812B-511FA89E81AC}.Release|Any CPU.ActiveCfg = Release|Any CPU
		{41435F38-1843-4B21-812B-511FA89E81AC}.Release|Any CPU.Build.0 = Release|Any CPU
		{B1AC1D24-5E78-4A84-9C5C-3D7FECDAF627}.Debug|Any CPU.ActiveCfg = Debug|Any CPU
		{B1AC1D24-5E78-4A84-9C5C-3D7FECDAF627}.Debug|Any CPU.Build.0 = Debug|Any CPU
		{B1AC1D24-5E78-4A84-9C5C-3D7FECDAF627}.Release|Any CPU.ActiveCfg = Release|Any CPU
		{B1AC1D24-5E78-4A84-9C5C-3D7FECDAF627}.Release|Any CPU.Build.0 = Release|Any CPU
		{7BA807FD-C8BD-4B8C-B6A0-5545B86E6F2E}.Debug|Any CPU.ActiveCfg = Debug|Any CPU
		{7BA807FD-C8BD-4B8C-B6A0-5545B86E6F2E}.Debug|Any CPU.Build.0 = Debug|Any CPU
		{7BA807FD-C8BD-4B8C-B6A0-5545B86E6F2E}.Release|Any CPU.ActiveCfg = Release|Any CPU
		{7BA807FD-C8BD-4B8C-B6A0-5545B86E6F2E}.Release|Any CPU.Build.0 = Release|Any CPU
		{DC380208-351D-4D46-8F8D-C1DEB418EE4C}.Debug|Any CPU.ActiveCfg = Debug|Any CPU
		{DC380208-351D-4D46-8F8D-C1DEB418EE4C}.Debug|Any CPU.Build.0 = Debug|Any CPU
		{DC380208-351D-4D46-8F8D-C1DEB418EE4C}.Release|Any CPU.ActiveCfg = Release|Any CPU
		{DC380208-351D-4D46-8F8D-C1DEB418EE4C}.Release|Any CPU.Build.0 = Release|Any CPU
		{784ED653-9FF4-4066-92EE-0064994331BE}.Debug|Any CPU.ActiveCfg = Debug|Any CPU
		{784ED653-9FF4-4066-92EE-0064994331BE}.Debug|Any CPU.Build.0 = Debug|Any CPU
		{784ED653-9FF4-4066-92EE-0064994331BE}.Release|Any CPU.ActiveCfg = Release|Any CPU
		{784ED653-9FF4-4066-92EE-0064994331BE}.Release|Any CPU.Build.0 = Release|Any CPU
		{62363AF9-BDED-492F-BDE0-E4C1C35EF8E8}.Debug|Any CPU.ActiveCfg = Debug|Any CPU
		{62363AF9-BDED-492F-BDE0-E4C1C35EF8E8}.Debug|Any CPU.Build.0 = Debug|Any CPU
		{62363AF9-BDED-492F-BDE0-E4C1C35EF8E8}.Release|Any CPU.ActiveCfg = Release|Any CPU
		{62363AF9-BDED-492F-BDE0-E4C1C35EF8E8}.Release|Any CPU.Build.0 = Release|Any CPU
		{3BA589EC-9C64-4B09-8098-2BE3C1E668D5}.Debug|Any CPU.ActiveCfg = Debug|Any CPU
		{3BA589EC-9C64-4B09-8098-2BE3C1E668D5}.Debug|Any CPU.Build.0 = Debug|Any CPU
		{3BA589EC-9C64-4B09-8098-2BE3C1E668D5}.Release|Any CPU.ActiveCfg = Release|Any CPU
		{3BA589EC-9C64-4B09-8098-2BE3C1E668D5}.Release|Any CPU.Build.0 = Release|Any CPU
		{A9510987-E517-4787-AE6D-12EEF27AADCE}.Debug|Any CPU.ActiveCfg = Debug|Any CPU
		{A9510987-E517-4787-AE6D-12EEF27AADCE}.Debug|Any CPU.Build.0 = Debug|Any CPU
		{A9510987-E517-4787-AE6D-12EEF27AADCE}.Release|Any CPU.ActiveCfg = Release|Any CPU
		{A9510987-E517-4787-AE6D-12EEF27AADCE}.Release|Any CPU.Build.0 = Release|Any CPU
		{F5FB65CF-FE5E-4B60-BB26-FD4613EDC0C1}.Debug|Any CPU.ActiveCfg = Debug|Any CPU
		{F5FB65CF-FE5E-4B60-BB26-FD4613EDC0C1}.Debug|Any CPU.Build.0 = Debug|Any CPU
		{F5FB65CF-FE5E-4B60-BB26-FD4613EDC0C1}.Release|Any CPU.ActiveCfg = Release|Any CPU
		{F5FB65CF-FE5E-4B60-BB26-FD4613EDC0C1}.Release|Any CPU.Build.0 = Release|Any CPU
		{9AF7D711-DC68-40D2-83BE-EDB4D4692F6E}.Debug|Any CPU.ActiveCfg = Debug|Any CPU
		{9AF7D711-DC68-40D2-83BE-EDB4D4692F6E}.Debug|Any CPU.Build.0 = Debug|Any CPU
		{9AF7D711-DC68-40D2-83BE-EDB4D4692F6E}.Release|Any CPU.ActiveCfg = Release|Any CPU
		{9AF7D711-DC68-40D2-83BE-EDB4D4692F6E}.Release|Any CPU.Build.0 = Release|Any CPU
		{D7F42CE5-CC75-49B3-A161-FD794B3455CF}.Debug|Any CPU.ActiveCfg = Debug|Any CPU
		{D7F42CE5-CC75-49B3-A161-FD794B3455CF}.Debug|Any CPU.Build.0 = Debug|Any CPU
		{D7F42CE5-CC75-49B3-A161-FD794B3455CF}.Release|Any CPU.ActiveCfg = Release|Any CPU
		{D7F42CE5-CC75-49B3-A161-FD794B3455CF}.Release|Any CPU.Build.0 = Release|Any CPU
		{FC35147B-2599-4503-A2A4-03C66C53BBB5}.Debug|Any CPU.ActiveCfg = Debug|Any CPU
		{FC35147B-2599-4503-A2A4-03C66C53BBB5}.Debug|Any CPU.Build.0 = Debug|Any CPU
		{FC35147B-2599-4503-A2A4-03C66C53BBB5}.Release|Any CPU.ActiveCfg = Release|Any CPU
		{FC35147B-2599-4503-A2A4-03C66C53BBB5}.Release|Any CPU.Build.0 = Release|Any CPU
		{C4D34B70-93F1-4689-8AA6-D24F37186E6D}.Debug|Any CPU.ActiveCfg = Debug|Any CPU
		{C4D34B70-93F1-4689-8AA6-D24F37186E6D}.Debug|Any CPU.Build.0 = Debug|Any CPU
		{C4D34B70-93F1-4689-8AA6-D24F37186E6D}.Release|Any CPU.ActiveCfg = Release|Any CPU
		{C4D34B70-93F1-4689-8AA6-D24F37186E6D}.Release|Any CPU.Build.0 = Release|Any CPU
		{85FA9C42-DE1F-44B9-9BCF-27B420C6E8C4}.Debug|Any CPU.ActiveCfg = Debug|Any CPU
		{85FA9C42-DE1F-44B9-9BCF-27B420C6E8C4}.Debug|Any CPU.Build.0 = Debug|Any CPU
		{85FA9C42-DE1F-44B9-9BCF-27B420C6E8C4}.Release|Any CPU.ActiveCfg = Release|Any CPU
		{85FA9C42-DE1F-44B9-9BCF-27B420C6E8C4}.Release|Any CPU.Build.0 = Release|Any CPU
		{59A69261-D72D-44DC-8EBB-A8F1BD2DB938}.Debug|Any CPU.ActiveCfg = Debug|Any CPU
		{59A69261-D72D-44DC-8EBB-A8F1BD2DB938}.Debug|Any CPU.Build.0 = Debug|Any CPU
		{59A69261-D72D-44DC-8EBB-A8F1BD2DB938}.Release|Any CPU.ActiveCfg = Release|Any CPU
		{59A69261-D72D-44DC-8EBB-A8F1BD2DB938}.Release|Any CPU.Build.0 = Release|Any CPU
		{58FCE40E-CF11-44CA-9AFF-028C4E6FD7FB}.Debug|Any CPU.ActiveCfg = Debug|Any CPU
		{58FCE40E-CF11-44CA-9AFF-028C4E6FD7FB}.Debug|Any CPU.Build.0 = Debug|Any CPU
		{58FCE40E-CF11-44CA-9AFF-028C4E6FD7FB}.Release|Any CPU.ActiveCfg = Release|Any CPU
		{58FCE40E-CF11-44CA-9AFF-028C4E6FD7FB}.Release|Any CPU.Build.0 = Release|Any CPU
		{6B82C97C-6E6B-48AA-B512-BD563452F585}.Debug|Any CPU.ActiveCfg = Debug|Any CPU
		{6B82C97C-6E6B-48AA-B512-BD563452F585}.Debug|Any CPU.Build.0 = Debug|Any CPU
		{6B82C97C-6E6B-48AA-B512-BD563452F585}.Release|Any CPU.ActiveCfg = Release|Any CPU
		{6B82C97C-6E6B-48AA-B512-BD563452F585}.Release|Any CPU.Build.0 = Release|Any CPU
		{EDFE4240-802E-4F94-98B2-2C1183E7F3F7}.Debug|Any CPU.ActiveCfg = Debug|Any CPU
		{EDFE4240-802E-4F94-98B2-2C1183E7F3F7}.Debug|Any CPU.Build.0 = Debug|Any CPU
		{EDFE4240-802E-4F94-98B2-2C1183E7F3F7}.Release|Any CPU.ActiveCfg = Release|Any CPU
		{EDFE4240-802E-4F94-98B2-2C1183E7F3F7}.Release|Any CPU.Build.0 = Release|Any CPU
		{094F2898-403B-4B2D-952A-A38BD7CC8234}.Debug|Any CPU.ActiveCfg = Debug|Any CPU
		{094F2898-403B-4B2D-952A-A38BD7CC8234}.Debug|Any CPU.Build.0 = Debug|Any CPU
		{094F2898-403B-4B2D-952A-A38BD7CC8234}.Release|Any CPU.ActiveCfg = Release|Any CPU
		{094F2898-403B-4B2D-952A-A38BD7CC8234}.Release|Any CPU.Build.0 = Release|Any CPU
		{6D04C580-28EC-43B2-9EFB-6628116778E2}.Debug|Any CPU.ActiveCfg = Debug|Any CPU
		{6D04C580-28EC-43B2-9EFB-6628116778E2}.Debug|Any CPU.Build.0 = Debug|Any CPU
		{6D04C580-28EC-43B2-9EFB-6628116778E2}.Release|Any CPU.ActiveCfg = Release|Any CPU
		{6D04C580-28EC-43B2-9EFB-6628116778E2}.Release|Any CPU.Build.0 = Release|Any CPU
		{9499B04E-5264-42C3-BF13-42FE5ED6132A}.Debug|Any CPU.ActiveCfg = Debug|Any CPU
		{9499B04E-5264-42C3-BF13-42FE5ED6132A}.Debug|Any CPU.Build.0 = Debug|Any CPU
		{9499B04E-5264-42C3-BF13-42FE5ED6132A}.Release|Any CPU.ActiveCfg = Release|Any CPU
		{9499B04E-5264-42C3-BF13-42FE5ED6132A}.Release|Any CPU.Build.0 = Release|Any CPU
		{AB8F5D48-53A9-4644-9175-5B24FB59794F}.Debug|Any CPU.ActiveCfg = Debug|Any CPU
		{AB8F5D48-53A9-4644-9175-5B24FB59794F}.Debug|Any CPU.Build.0 = Debug|Any CPU
		{AB8F5D48-53A9-4644-9175-5B24FB59794F}.Release|Any CPU.ActiveCfg = Release|Any CPU
		{AB8F5D48-53A9-4644-9175-5B24FB59794F}.Release|Any CPU.Build.0 = Release|Any CPU
		{52C7E0F0-C799-4353-8E82-9D1C37844384}.Debug|Any CPU.ActiveCfg = Debug|Any CPU
		{52C7E0F0-C799-4353-8E82-9D1C37844384}.Debug|Any CPU.Build.0 = Debug|Any CPU
		{52C7E0F0-C799-4353-8E82-9D1C37844384}.Release|Any CPU.ActiveCfg = Release|Any CPU
		{52C7E0F0-C799-4353-8E82-9D1C37844384}.Release|Any CPU.Build.0 = Release|Any CPU
		{A7641D54-26F5-4E9E-B71A-5581BACF8478}.Debug|Any CPU.ActiveCfg = Debug|Any CPU
		{A7641D54-26F5-4E9E-B71A-5581BACF8478}.Debug|Any CPU.Build.0 = Debug|Any CPU
		{A7641D54-26F5-4E9E-B71A-5581BACF8478}.Release|Any CPU.ActiveCfg = Release|Any CPU
		{A7641D54-26F5-4E9E-B71A-5581BACF8478}.Release|Any CPU.Build.0 = Release|Any CPU
		{CAF24DB5-2318-436F-B663-E3625034FE93}.Debug|Any CPU.ActiveCfg = Debug|Any CPU
		{CAF24DB5-2318-436F-B663-E3625034FE93}.Debug|Any CPU.Build.0 = Debug|Any CPU
		{CAF24DB5-2318-436F-B663-E3625034FE93}.Release|Any CPU.ActiveCfg = Release|Any CPU
		{CAF24DB5-2318-436F-B663-E3625034FE93}.Release|Any CPU.Build.0 = Release|Any CPU
		{4130E229-ED8D-4B45-9D06-AB2D221F91F7}.Debug|Any CPU.ActiveCfg = Debug|Any CPU
		{4130E229-ED8D-4B45-9D06-AB2D221F91F7}.Debug|Any CPU.Build.0 = Debug|Any CPU
		{4130E229-ED8D-4B45-9D06-AB2D221F91F7}.Release|Any CPU.ActiveCfg = Release|Any CPU
		{4130E229-ED8D-4B45-9D06-AB2D221F91F7}.Release|Any CPU.Build.0 = Release|Any CPU
		{5061BB19-7477-4A62-A496-E6BD02DFB97E}.Debug|Any CPU.ActiveCfg = Debug|Any CPU
		{5061BB19-7477-4A62-A496-E6BD02DFB97E}.Debug|Any CPU.Build.0 = Debug|Any CPU
		{5061BB19-7477-4A62-A496-E6BD02DFB97E}.Release|Any CPU.ActiveCfg = Release|Any CPU
		{5061BB19-7477-4A62-A496-E6BD02DFB97E}.Release|Any CPU.Build.0 = Release|Any CPU
		{83DC3389-1C77-40F0-A38F-2E26771D79E0}.Debug|Any CPU.ActiveCfg = Debug|Any CPU
		{83DC3389-1C77-40F0-A38F-2E26771D79E0}.Debug|Any CPU.Build.0 = Debug|Any CPU
		{83DC3389-1C77-40F0-A38F-2E26771D79E0}.Release|Any CPU.ActiveCfg = Release|Any CPU
		{83DC3389-1C77-40F0-A38F-2E26771D79E0}.Release|Any CPU.Build.0 = Release|Any CPU
		{3EC79AF5-F244-454B-BD11-8D947DB63526}.Debug|Any CPU.ActiveCfg = Debug|Any CPU
		{3EC79AF5-F244-454B-BD11-8D947DB63526}.Debug|Any CPU.Build.0 = Debug|Any CPU
		{3EC79AF5-F244-454B-BD11-8D947DB63526}.Release|Any CPU.ActiveCfg = Release|Any CPU
		{3EC79AF5-F244-454B-BD11-8D947DB63526}.Release|Any CPU.Build.0 = Release|Any CPU
		{21747BF4-E6C4-4993-A1C5-87EF073AF7AD}.Debug|Any CPU.ActiveCfg = Debug|Any CPU
		{21747BF4-E6C4-4993-A1C5-87EF073AF7AD}.Debug|Any CPU.Build.0 = Debug|Any CPU
		{21747BF4-E6C4-4993-A1C5-87EF073AF7AD}.Release|Any CPU.ActiveCfg = Release|Any CPU
		{21747BF4-E6C4-4993-A1C5-87EF073AF7AD}.Release|Any CPU.Build.0 = Release|Any CPU
		{B5F223E4-DA7D-4BA8-A091-53069A08AF8A}.Debug|Any CPU.ActiveCfg = Debug|Any CPU
		{B5F223E4-DA7D-4BA8-A091-53069A08AF8A}.Debug|Any CPU.Build.0 = Debug|Any CPU
		{B5F223E4-DA7D-4BA8-A091-53069A08AF8A}.Release|Any CPU.ActiveCfg = Release|Any CPU
		{B5F223E4-DA7D-4BA8-A091-53069A08AF8A}.Release|Any CPU.Build.0 = Release|Any CPU
		{69AFB15F-BE47-413E-9E39-8244ADE3686F}.Debug|Any CPU.ActiveCfg = Debug|Any CPU
		{69AFB15F-BE47-413E-9E39-8244ADE3686F}.Debug|Any CPU.Build.0 = Debug|Any CPU
		{69AFB15F-BE47-413E-9E39-8244ADE3686F}.Release|Any CPU.ActiveCfg = Release|Any CPU
		{69AFB15F-BE47-413E-9E39-8244ADE3686F}.Release|Any CPU.Build.0 = Release|Any CPU
		{BD836CF0-C381-486B-96F6-9595AAB06DC6}.Debug|Any CPU.ActiveCfg = Debug|Any CPU
		{BD836CF0-C381-486B-96F6-9595AAB06DC6}.Debug|Any CPU.Build.0 = Debug|Any CPU
		{BD836CF0-C381-486B-96F6-9595AAB06DC6}.Release|Any CPU.ActiveCfg = Release|Any CPU
		{BD836CF0-C381-486B-96F6-9595AAB06DC6}.Release|Any CPU.Build.0 = Release|Any CPU
		{15844EB9-6894-4316-838A-630F3237B8F0}.Debug|Any CPU.ActiveCfg = Debug|Any CPU
		{15844EB9-6894-4316-838A-630F3237B8F0}.Debug|Any CPU.Build.0 = Debug|Any CPU
		{15844EB9-6894-4316-838A-630F3237B8F0}.Release|Any CPU.ActiveCfg = Release|Any CPU
		{15844EB9-6894-4316-838A-630F3237B8F0}.Release|Any CPU.Build.0 = Release|Any CPU
		{87349EFA-D9AB-4FEA-B548-E469C7A63E29}.Debug|Any CPU.ActiveCfg = Debug|Any CPU
		{87349EFA-D9AB-4FEA-B548-E469C7A63E29}.Debug|Any CPU.Build.0 = Debug|Any CPU
		{87349EFA-D9AB-4FEA-B548-E469C7A63E29}.Release|Any CPU.ActiveCfg = Release|Any CPU
		{87349EFA-D9AB-4FEA-B548-E469C7A63E29}.Release|Any CPU.Build.0 = Release|Any CPU
	EndGlobalSection
	GlobalSection(SolutionProperties) = preSolution
		HideSolutionNode = FALSE
	EndGlobalSection
	GlobalSection(NestedProjects) = preSolution
		{EB8D46D6-6898-4928-AB94-B861CF8C3104} = {E6BF53E9-5BDC-4C8A-9388-A2F242369BC8}
		{3FF97E5B-08EC-42D0-B947-A74BC04BEA01} = {EB8D46D6-6898-4928-AB94-B861CF8C3104}
		{AE375F24-7B88-407D-AD26-60828B1A1A38} = {EB8D46D6-6898-4928-AB94-B861CF8C3104}
		{00A54387-ECCB-4AEA-AFFA-EA0C6B38688E} = {E6BF53E9-5BDC-4C8A-9388-A2F242369BC8}
		{43B5B326-8EFC-456F-948D-C75DB9A7DE04} = {E6BF53E9-5BDC-4C8A-9388-A2F242369BC8}
		{5579DBF2-29B9-42DE-8D18-5D43FD17FCF3} = {00A54387-ECCB-4AEA-AFFA-EA0C6B38688E}
		{D2A4C9A7-21BE-472A-BB66-64F0DAE67904} = {43B5B326-8EFC-456F-948D-C75DB9A7DE04}
		{BCE94210-21B9-4255-A851-CD0F114475BA} = {4B3677F4-5BE6-498F-A14A-5E313D10ED79}
		{DAEA6CC6-05C8-4330-95E4-82D3CE13DFB6} = {4B3677F4-5BE6-498F-A14A-5E313D10ED79}
		{52083193-E083-4925-BCB1-CE4C3C221C14} = {4B3677F4-5BE6-498F-A14A-5E313D10ED79}
		{00C9B879-F585-45E9-BC3B-114EDAB4AED2} = {4B3677F4-5BE6-498F-A14A-5E313D10ED79}
		{53AC5019-18BD-4C5A-B5F6-11E60B7304C3} = {4B3677F4-5BE6-498F-A14A-5E313D10ED79}
		{41435F38-1843-4B21-812B-511FA89E81AC} = {52083193-E083-4925-BCB1-CE4C3C221C14}
		{B1AC1D24-5E78-4A84-9C5C-3D7FECDAF627} = {BCE94210-21B9-4255-A851-CD0F114475BA}
		{7BA807FD-C8BD-4B8C-B6A0-5545B86E6F2E} = {BCE94210-21B9-4255-A851-CD0F114475BA}
		{DC380208-351D-4D46-8F8D-C1DEB418EE4C} = {BCE94210-21B9-4255-A851-CD0F114475BA}
		{784ED653-9FF4-4066-92EE-0064994331BE} = {00A54387-ECCB-4AEA-AFFA-EA0C6B38688E}
		{62363AF9-BDED-492F-BDE0-E4C1C35EF8E8} = {53AC5019-18BD-4C5A-B5F6-11E60B7304C3}
		{3BA589EC-9C64-4B09-8098-2BE3C1E668D5} = {00C9B879-F585-45E9-BC3B-114EDAB4AED2}
		{A9510987-E517-4787-AE6D-12EEF27AADCE} = {00C9B879-F585-45E9-BC3B-114EDAB4AED2}
		{5287AB16-0117-4FE4-B516-14557F1BEC2A} = {4B3677F4-5BE6-498F-A14A-5E313D10ED79}
		{F5FB65CF-FE5E-4B60-BB26-FD4613EDC0C1} = {5287AB16-0117-4FE4-B516-14557F1BEC2A}
		{6274496F-9B2B-4E50-9720-D8C28710F165} = {4B3677F4-5BE6-498F-A14A-5E313D10ED79}
		{9AF7D711-DC68-40D2-83BE-EDB4D4692F6E} = {6274496F-9B2B-4E50-9720-D8C28710F165}
		{4D490A87-36D8-4CE2-BC82-3BBFA386BC71} = {4B3677F4-5BE6-498F-A14A-5E313D10ED79}
		{D7F42CE5-CC75-49B3-A161-FD794B3455CF} = {4D490A87-36D8-4CE2-BC82-3BBFA386BC71}
		{FC35147B-2599-4503-A2A4-03C66C53BBB5} = {DAEA6CC6-05C8-4330-95E4-82D3CE13DFB6}
		{C4D34B70-93F1-4689-8AA6-D24F37186E6D} = {5287AB16-0117-4FE4-B516-14557F1BEC2A}
		{85FA9C42-DE1F-44B9-9BCF-27B420C6E8C4} = {00C9B879-F585-45E9-BC3B-114EDAB4AED2}
		{59A69261-D72D-44DC-8EBB-A8F1BD2DB938} = {00C9B879-F585-45E9-BC3B-114EDAB4AED2}
		{58FCE40E-CF11-44CA-9AFF-028C4E6FD7FB} = {53AC5019-18BD-4C5A-B5F6-11E60B7304C3}
		{6B82C97C-6E6B-48AA-B512-BD563452F585} = {53AC5019-18BD-4C5A-B5F6-11E60B7304C3}
		{EDFE4240-802E-4F94-98B2-2C1183E7F3F7} = {53AC5019-18BD-4C5A-B5F6-11E60B7304C3}
		{094F2898-403B-4B2D-952A-A38BD7CC8234} = {00A54387-ECCB-4AEA-AFFA-EA0C6B38688E}
		{6D04C580-28EC-43B2-9EFB-6628116778E2} = {DAEA6CC6-05C8-4330-95E4-82D3CE13DFB6}
		{9499B04E-5264-42C3-BF13-42FE5ED6132A} = {EB8D46D6-6898-4928-AB94-B861CF8C3104}
		{AB8F5D48-53A9-4644-9175-5B24FB59794F} = {EB8D46D6-6898-4928-AB94-B861CF8C3104}
		{52C7E0F0-C799-4353-8E82-9D1C37844384} = {EB8D46D6-6898-4928-AB94-B861CF8C3104}
		{A7641D54-26F5-4E9E-B71A-5581BACF8478} = {00A54387-ECCB-4AEA-AFFA-EA0C6B38688E}
		{CAF24DB5-2318-436F-B663-E3625034FE93} = {971CCF6B-3106-45C4-A456-B4BB02B07ECB}
		{062B3222-347C-4C05-9916-950E4CE483E3} = {E6BF53E9-5BDC-4C8A-9388-A2F242369BC8}
		{5061BB19-7477-4A62-A496-E6BD02DFB97E} = {062B3222-347C-4C05-9916-950E4CE483E3}
		{83DC3389-1C77-40F0-A38F-2E26771D79E0} = {062B3222-347C-4C05-9916-950E4CE483E3}
		{3EC79AF5-F244-454B-BD11-8D947DB63526} = {00A54387-ECCB-4AEA-AFFA-EA0C6B38688E}
		{21747BF4-E6C4-4993-A1C5-87EF073AF7AD} = {00A54387-ECCB-4AEA-AFFA-EA0C6B38688E}
		{B5F223E4-DA7D-4BA8-A091-53069A08AF8A} = {00A54387-ECCB-4AEA-AFFA-EA0C6B38688E}
		{69AFB15F-BE47-413E-9E39-8244ADE3686F} = {00A54387-ECCB-4AEA-AFFA-EA0C6B38688E}
		{BD836CF0-C381-486B-96F6-9595AAB06DC6} = {00A54387-ECCB-4AEA-AFFA-EA0C6B38688E}
		{1C34C401-1F69-40B2-8C3B-8641074C1F29} = {E6BF53E9-5BDC-4C8A-9388-A2F242369BC8}
		{15844EB9-6894-4316-838A-630F3237B8F0} = {1C34C401-1F69-40B2-8C3B-8641074C1F29}
		{87349EFA-D9AB-4FEA-B548-E469C7A63E29} = {1C34C401-1F69-40B2-8C3B-8641074C1F29}
	EndGlobalSection
	GlobalSection(ExtensibilityGlobals) = postSolution
		SolutionGuid = {70648EC6-538D-4A92-84DD-4118D732324A}
	EndGlobalSection
EndGlobal
